
Microsoft Visual Studio Solution File, Format Version 12.00
# Visual Studio Version 17
VisualStudioVersion = 17.1.32319.34
MinimumVisualStudioVersion = 10.0.40219.1
Project("{9A19103F-16F7-4668-BE54-9A1E7A4F7556}") = "ECommerceCore", "ECommerceCore\ECommerceCore.csproj", "{1FF49CEB-61BB-4CEF-9186-E5A16931C0D6}"
EndProject
Project("{9A19103F-16F7-4668-BE54-9A1E7A4F7556}") = "DataAccsessLayer", "DataAccsessLayer\DataAccsessLayer.csproj", "{EF823440-C855-49F2-B49A-F99ED0DAEFB0}"
EndProject
Project("{9A19103F-16F7-4668-BE54-9A1E7A4F7556}") = "EntityLayer", "EntityLayer\EntityLayer.csproj", "{97E7A023-8BAF-411A-80BB-D6B8F468255D}"
EndProject
Project("{9A19103F-16F7-4668-BE54-9A1E7A4F7556}") = "BussinessLayer", "BussinessLayer\BussinessLayer.csproj", "{1E541FEF-34F0-40D4-9CE5-A0759C7D06C6}"
EndProject
Project("{FAE04EC0-301F-11D3-BF4B-00C04F79EFBC}") = "E-Commerce-Api", "E-Commerce-Api\E-Commerce-Api.csproj", "{6C87746F-1463-4088-B741-26253482B731}"
EndProject
Global
	GlobalSection(SolutionConfigurationPlatforms) = preSolution
		Debug|Any CPU = Debug|Any CPU
		Release|Any CPU = Release|Any CPU
	EndGlobalSection
	GlobalSection(ProjectConfigurationPlatforms) = postSolution
		{1FF49CEB-61BB-4CEF-9186-E5A16931C0D6}.Debug|Any CPU.ActiveCfg = Debug|Any CPU
		{1FF49CEB-61BB-4CEF-9186-E5A16931C0D6}.Debug|Any CPU.Build.0 = Debug|Any CPU
		{1FF49CEB-61BB-4CEF-9186-E5A16931C0D6}.Release|Any CPU.ActiveCfg = Release|Any CPU
		{1FF49CEB-61BB-4CEF-9186-E5A16931C0D6}.Release|Any CPU.Build.0 = Release|Any CPU
		{EF823440-C855-49F2-B49A-F99ED0DAEFB0}.Debug|Any CPU.ActiveCfg = Debug|Any CPU
		{EF823440-C855-49F2-B49A-F99ED0DAEFB0}.Debug|Any CPU.Build.0 = Debug|Any CPU
		{EF823440-C855-49F2-B49A-F99ED0DAEFB0}.Release|Any CPU.ActiveCfg = Release|Any CPU
		{EF823440-C855-49F2-B49A-F99ED0DAEFB0}.Release|Any CPU.Build.0 = Release|Any CPU
		{97E7A023-8BAF-411A-80BB-D6B8F468255D}.Debug|Any CPU.ActiveCfg = Debug|Any CPU
		{97E7A023-8BAF-411A-80BB-D6B8F468255D}.Debug|Any CPU.Build.0 = Debug|Any CPU
		{97E7A023-8BAF-411A-80BB-D6B8F468255D}.Release|Any CPU.ActiveCfg = Release|Any CPU
		{97E7A023-8BAF-411A-80BB-D6B8F468255D}.Release|Any CPU.Build.0 = Release|Any CPU
		{1E541FEF-34F0-40D4-9CE5-A0759C7D06C6}.Debug|Any CPU.ActiveCfg = Debug|Any CPU
		{1E541FEF-34F0-40D4-9CE5-A0759C7D06C6}.Debug|Any CPU.Build.0 = Debug|Any CPU
		{1E541FEF-34F0-40D4-9CE5-A0759C7D06C6}.Release|Any CPU.ActiveCfg = Release|Any CPU
		{1E541FEF-34F0-40D4-9CE5-A0759C7D06C6}.Release|Any CPU.Build.0 = Release|Any CPU
		{6C87746F-1463-4088-B741-26253482B731}.Debug|Any CPU.ActiveCfg = Debug|Any CPU
		{6C87746F-1463-4088-B741-26253482B731}.Debug|Any CPU.Build.0 = Debug|Any CPU
		{6C87746F-1463-4088-B741-26253482B731}.Release|Any CPU.ActiveCfg = Release|Any CPU
		{6C87746F-1463-4088-B741-26253482B731}.Release|Any CPU.Build.0 = Release|Any CPU
	EndGlobalSection
	GlobalSection(SolutionProperties) = preSolution
		HideSolutionNode = FALSE
	EndGlobalSection
	GlobalSection(ExtensibilityGlobals) = postSolution
		SolutionGuid = {4DCE9547-C3A2-4FA4-9B1B-45FB6AE6C534}
	EndGlobalSection
EndGlobal
